// !$*UTF8*$!
{
	archiveVersion = 1;
	classes = {
	};
	objectVersion = 50;
	objects = {

/* Begin PBXBuildFile section */
		ABFAB1F326E2511A0095EC20 /* AppDelegate.swift in Sources */ = {isa = PBXBuildFile; fileRef = ABFAB1F226E2511A0095EC20 /* AppDelegate.swift */; };
		ABFAB1F526E2511A0095EC20 /* SceneDelegate.swift in Sources */ = {isa = PBXBuildFile; fileRef = ABFAB1F426E2511A0095EC20 /* SceneDelegate.swift */; };
		ABFAB1F726E2511A0095EC20 /* ViewController.swift in Sources */ = {isa = PBXBuildFile; fileRef = ABFAB1F626E2511A0095EC20 /* ViewController.swift */; };
		ABFAB1FA26E2511A0095EC20 /* Main.storyboard in Resources */ = {isa = PBXBuildFile; fileRef = ABFAB1F826E2511A0095EC20 /* Main.storyboard */; };
		ABFAB1FC26E2511C0095EC20 /* Assets.xcassets in Resources */ = {isa = PBXBuildFile; fileRef = ABFAB1FB26E2511C0095EC20 /* Assets.xcassets */; };
		ABFAB1FF26E2511C0095EC20 /* LaunchScreen.storyboard in Resources */ = {isa = PBXBuildFile; fileRef = ABFAB1FD26E2511C0095EC20 /* LaunchScreen.storyboard */; };
		DB22B6FAE92ECBFFDACE4EB0 /* Pods_Graph_Practice.framework in Frameworks */ = {isa = PBXBuildFile; fileRef = B7980DEA3E38DD46BD3639A0 /* Pods_Graph_Practice.framework */; };
/* End PBXBuildFile section */

/* Begin PBXFileReference section */
		0337971621F711B0012DEB7D /* Pods-Graph-Practice.debug.xcconfig */ = {isa = PBXFileReference; includeInIndex = 1; lastKnownFileType = text.xcconfig; name = "Pods-Graph-Practice.debug.xcconfig"; path = "Target Support Files/Pods-Graph-Practice/Pods-Graph-Practice.debug.xcconfig"; sourceTree = "<group>"; };
		4D1983E23875B27B6FC2461D /* Pods-Graph-Practice.release.xcconfig */ = {isa = PBXFileReference; includeInIndex = 1; lastKnownFileType = text.xcconfig; name = "Pods-Graph-Practice.release.xcconfig"; path = "Target Support Files/Pods-Graph-Practice/Pods-Graph-Practice.release.xcconfig"; sourceTree = "<group>"; };
		ABFAB1EF26E2511A0095EC20 /* Graph-Practice.app */ = {isa = PBXFileReference; explicitFileType = wrapper.application; includeInIndex = 0; path = "Graph-Practice.app"; sourceTree = BUILT_PRODUCTS_DIR; };
		ABFAB1F226E2511A0095EC20 /* AppDelegate.swift */ = {isa = PBXFileReference; lastKnownFileType = sourcecode.swift; path = AppDelegate.swift; sourceTree = "<group>"; };
		ABFAB1F426E2511A0095EC20 /* SceneDelegate.swift */ = {isa = PBXFileReference; lastKnownFileType = sourcecode.swift; path = SceneDelegate.swift; sourceTree = "<group>"; };
		ABFAB1F626E2511A0095EC20 /* ViewController.swift */ = {isa = PBXFileReference; lastKnownFileType = sourcecode.swift; path = ViewController.swift; sourceTree = "<group>"; };
		ABFAB1F926E2511A0095EC20 /* Base */ = {isa = PBXFileReference; lastKnownFileType = file.storyboard; name = Base; path = Base.lproj/Main.storyboard; sourceTree = "<group>"; };
		ABFAB1FB26E2511C0095EC20 /* Assets.xcassets */ = {isa = PBXFileReference; lastKnownFileType = folder.assetcatalog; path = Assets.xcassets; sourceTree = "<group>"; };
		ABFAB1FE26E2511C0095EC20 /* Base */ = {isa = PBXFileReference; lastKnownFileType = file.storyboard; name = Base; path = Base.lproj/LaunchScreen.storyboard; sourceTree = "<group>"; };
		ABFAB20026E2511C0095EC20 /* Info.plist */ = {isa = PBXFileReference; lastKnownFileType = text.plist.xml; path = Info.plist; sourceTree = "<group>"; };
		B7980DEA3E38DD46BD3639A0 /* Pods_Graph_Practice.framework */ = {isa = PBXFileReference; explicitFileType = wrapper.framework; includeInIndex = 0; path = Pods_Graph_Practice.framework; sourceTree = BUILT_PRODUCTS_DIR; };
/* End PBXFileReference section */

/* Begin PBXFrameworksBuildPhase section */
		ABFAB1EC26E2511A0095EC20 /* Frameworks */ = {
			isa = PBXFrameworksBuildPhase;
			buildActionMask = 2147483647;
			files = (
				DB22B6FAE92ECBFFDACE4EB0 /* Pods_Graph_Practice.framework in Frameworks */,
			);
			runOnlyForDeploymentPostprocessing = 0;
		};
/* End PBXFrameworksBuildPhase section */

/* Begin PBXGroup section */
		55CE568C03A5BD687E1FEEB1 /* Pods */ = {
			isa = PBXGroup;
			children = (
				0337971621F711B0012DEB7D /* Pods-Graph-Practice.debug.xcconfig */,
				4D1983E23875B27B6FC2461D /* Pods-Graph-Practice.release.xcconfig */,
			);
			name = Pods;
			path = Pods;
			sourceTree = "<group>";
		};
		8C5293DFC7385C6DF9DCCB3D /* Frameworks */ = {
			isa = PBXGroup;
			children = (
				B7980DEA3E38DD46BD3639A0 /* Pods_Graph_Practice.framework */,
			);
			name = Frameworks;
			sourceTree = "<group>";
		};
		ABFAB1E626E2511A0095EC20 = {
			isa = PBXGroup;
			children = (
				ABFAB1F126E2511A0095EC20 /* Graph-Practice */,
				ABFAB1F026E2511A0095EC20 /* Products */,
				55CE568C03A5BD687E1FEEB1 /* Pods */,
				8C5293DFC7385C6DF9DCCB3D /* Frameworks */,
			);
			sourceTree = "<group>";
		};
		ABFAB1F026E2511A0095EC20 /* Products */ = {
			isa = PBXGroup;
			children = (
				ABFAB1EF26E2511A0095EC20 /* Graph-Practice.app */,
			);
			name = Products;
			sourceTree = "<group>";
		};
		ABFAB1F126E2511A0095EC20 /* Graph-Practice */ = {
			isa = PBXGroup;
			children = (
				ABFAB1F226E2511A0095EC20 /* AppDelegate.swift */,
				ABFAB1F426E2511A0095EC20 /* SceneDelegate.swift */,
				ABFAB1F626E2511A0095EC20 /* ViewController.swift */,
				ABFAB1F826E2511A0095EC20 /* Main.storyboard */,
				ABFAB1FB26E2511C0095EC20 /* Assets.xcassets */,
				ABFAB1FD26E2511C0095EC20 /* LaunchScreen.storyboard */,
				ABFAB20026E2511C0095EC20 /* Info.plist */,
			);
			path = "Graph-Practice";
			sourceTree = "<group>";
		};
/* End PBXGroup section */

/* Begin PBXNativeTarget section */
		ABFAB1EE26E2511A0095EC20 /* Graph-Practice */ = {
			isa = PBXNativeTarget;
			buildConfigurationList = ABFAB20326E2511C0095EC20 /* Build configuration list for PBXNativeTarget "Graph-Practice" */;
			buildPhases = (
				09A22342076E7E08A9A58325 /* [CP] Check Pods Manifest.lock */,
				ABFAB1EB26E2511A0095EC20 /* Sources */,
				ABFAB1EC26E2511A0095EC20 /* Frameworks */,
				ABFAB1ED26E2511A0095EC20 /* Resources */,
				C7EB702398EA99C217D03103 /* [CP] Embed Pods Frameworks */,
			);
			buildRules = (
			);
			dependencies = (
			);
			name = "Graph-Practice";
			productName = "Graph-Practice";
			productReference = ABFAB1EF26E2511A0095EC20 /* Graph-Practice.app */;
			productType = "com.apple.product-type.application";
		};
/* End PBXNativeTarget section */

/* Begin PBXProject section */
		ABFAB1E726E2511A0095EC20 /* Project object */ = {
			isa = PBXProject;
			attributes = {
				LastSwiftUpdateCheck = 1250;
				LastUpgradeCheck = 1250;
				TargetAttributes = {
					ABFAB1EE26E2511A0095EC20 = {
						CreatedOnToolsVersion = 12.5.1;
					};
				};
			};
			buildConfigurationList = ABFAB1EA26E2511A0095EC20 /* Build configuration list for PBXProject "Graph-Practice" */;
			compatibilityVersion = "Xcode 9.3";
			developmentRegion = en;
			hasScannedForEncodings = 0;
			knownRegions = (
				en,
				Base,
			);
			mainGroup = ABFAB1E626E2511A0095EC20;
			productRefGroup = ABFAB1F026E2511A0095EC20 /* Products */;
			projectDirPath = "";
			projectRoot = "";
			targets = (
				ABFAB1EE26E2511A0095EC20 /* Graph-Practice */,
			);
		};
/* End PBXProject section */

/* Begin PBXResourcesBuildPhase section */
		ABFAB1ED26E2511A0095EC20 /* Resources */ = {
			isa = PBXResourcesBuildPhase;
			buildActionMask = 2147483647;
			files = (
				ABFAB1FF26E2511C0095EC20 /* LaunchScreen.storyboard in Resources */,
				ABFAB1FC26E2511C0095EC20 /* Assets.xcassets in Resources */,
				ABFAB1FA26E2511A0095EC20 /* Main.storyboard in Resources */,
			);
			runOnlyForDeploymentPostprocessing = 0;
		};
/* End PBXResourcesBuildPhase section */

/* Begin PBXShellScriptBuildPhase section */
		09A22342076E7E08A9A58325 /* [CP] Check Pods Manifest.lock */ = {
			isa = PBXShellScriptBuildPhase;
			buildActionMask = 2147483647;
			files = (
			);
			inputFileListPaths = (
			);
			inputPaths = (
				"${PODS_PODFILE_DIR_PATH}/Podfile.lock",
				"${PODS_ROOT}/Manifest.lock",
			);
			name = "[CP] Check Pods Manifest.lock";
			outputFileListPaths = (
			);
			outputPaths = (
				"$(DERIVED_FILE_DIR)/Pods-Graph-Practice-checkManifestLockResult.txt",
			);
			runOnlyForDeploymentPostprocessing = 0;
			shellPath = /bin/sh;
			shellScript = "diff \"${PODS_PODFILE_DIR_PATH}/Podfile.lock\" \"${PODS_ROOT}/Manifest.lock\" > /dev/null\nif [ $? != 0 ] ; then\n    # print error to STDERR\n    echo \"error: The sandbox is not in sync with the Podfile.lock. Run 'pod install' or update your CocoaPods installation.\" >&2\n    exit 1\nfi\n# This output is used by Xcode 'outputs' to avoid re-running this script phase.\necho \"SUCCESS\" > \"${SCRIPT_OUTPUT_FILE_0}\"\n";
			showEnvVarsInLog = 0;
		};
		C7EB702398EA99C217D03103 /* [CP] Embed Pods Frameworks */ = {
			isa = PBXShellScriptBuildPhase;
			buildActionMask = 2147483647;
			files = (
			);
			inputFileListPaths = (
				"${PODS_ROOT}/Target Support Files/Pods-Graph-Practice/Pods-Graph-Practice-frameworks-${CONFIGURATION}-input-files.xcfilelist",
			);
			name = "[CP] Embed Pods Frameworks";
			outputFileListPaths = (
				"${PODS_ROOT}/Target Support Files/Pods-Graph-Practice/Pods-Graph-Practice-frameworks-${CONFIGURATION}-output-files.xcfilelist",
			);
			runOnlyForDeploymentPostprocessing = 0;
			shellPath = /bin/sh;
			shellScript = "\"${PODS_ROOT}/Target Support Files/Pods-Graph-Practice/Pods-Graph-Practice-frameworks.sh\"\n";
			showEnvVarsInLog = 0;
		};
/* End PBXShellScriptBuildPhase section */

/* Begin PBXSourcesBuildPhase section */
		ABFAB1EB26E2511A0095EC20 /* Sources */ = {
			isa = PBXSourcesBuildPhase;
			buildActionMask = 2147483647;
			files = (
				ABFAB1F726E2511A0095EC20 /* ViewController.swift in Sources */,
				ABFAB1F326E2511A0095EC20 /* AppDelegate.swift in Sources */,
				ABFAB1F526E2511A0095EC20 /* SceneDelegate.swift in Sources */,
			);
			runOnlyForDeploymentPostprocessing = 0;
		};
/* End PBXSourcesBuildPhase section */

/* Begin PBXVariantGroup section */
		ABFAB1F826E2511A0095EC20 /* Main.storyboard */ = {
			isa = PBXVariantGroup;
			children = (
				ABFAB1F926E2511A0095EC20 /* Base */,
			);
			name = Main.storyboard;
			sourceTree = "<group>";
		};
		ABFAB1FD26E2511C0095EC20 /* LaunchScreen.storyboard */ = {
			isa = PBXVariantGroup;
			children = (
				ABFAB1FE26E2511C0095EC20 /* Base */,
			);
			name = LaunchScreen.storyboard;
			sourceTree = "<group>";
		};
/* End PBXVariantGroup section */

/* Begin XCBuildConfiguration section */
		ABFAB20126E2511C0095EC20 /* Debug */ = {
			isa = XCBuildConfiguration;
			buildSettings = {
				ALWAYS_SEARCH_USER_PATHS = NO;
				CLANG_ANALYZER_NONNULL = YES;
				CLANG_ANALYZER_NUMBER_OBJECT_CONVERSION = YES_AGGRESSIVE;
				CLANG_CXX_LANGUAGE_STANDARD = "gnu++14";
				CLANG_CXX_LIBRARY = "libc++";
				CLANG_ENABLE_MODULES = YES;
				CLANG_ENABLE_OBJC_ARC = YES;
				CLANG_ENABLE_OBJC_WEAK = YES;
				CLANG_WARN_BLOCK_CAPTURE_AUTORELEASING = YES;
				CLANG_WARN_BOOL_CONVERSION = YES;
				CLANG_WARN_COMMA = YES;
				CLANG_WARN_CONSTANT_CONVERSION = YES;
				CLANG_WARN_DEPRECATED_OBJC_IMPLEMENTATIONS = YES;
				CLANG_WARN_DIRECT_OBJC_ISA_USAGE = YES_ERROR;
				CLANG_WARN_DOCUMENTATION_COMMENTS = YES;
				CLANG_WARN_EMPTY_BODY = YES;
				CLANG_WARN_ENUM_CONVERSION = YES;
				CLANG_WARN_INFINITE_RECURSION = YES;
				CLANG_WARN_INT_CONVERSION = YES;
				CLANG_WARN_NON_LITERAL_NULL_CONVERSION = YES;
				CLANG_WARN_OBJC_IMPLICIT_RETAIN_SELF = YES;
				CLANG_WARN_OBJC_LITERAL_CONVERSION = YES;
				CLANG_WARN_OBJC_ROOT_CLASS = YES_ERROR;
				CLANG_WARN_QUOTED_INCLUDE_IN_FRAMEWORK_HEADER = YES;
				CLANG_WARN_RANGE_LOOP_ANALYSIS = YES;
				CLANG_WARN_STRICT_PROTOTYPES = YES;
				CLANG_WARN_SUSPICIOUS_MOVE = YES;
				CLANG_WARN_UNGUARDED_AVAILABILITY = YES_AGGRESSIVE;
				CLANG_WARN_UNREACHABLE_CODE = YES;
				CLANG_WARN__DUPLICATE_METHOD_MATCH = YES;
				COPY_PHASE_STRIP = NO;
				DEBUG_INFORMATION_FORMAT = dwarf;
				ENABLE_STRICT_OBJC_MSGSEND = YES;
				ENABLE_TESTABILITY = YES;
				GCC_C_LANGUAGE_STANDARD = gnu11;
				GCC_DYNAMIC_NO_PIC = NO;
				GCC_NO_COMMON_BLOCKS = YES;
				GCC_OPTIMIZATION_LEVEL = 0;
				GCC_PREPROCESSOR_DEFINITIONS = (
					"DEBUG=1",
					"$(inherited)",
				);
				GCC_WARN_64_TO_32_BIT_CONVERSION = YES;
				GCC_WARN_ABOUT_RETURN_TYPE = YES_ERROR;
				GCC_WARN_UNDECLARED_SELECTOR = YES;
				GCC_WARN_UNINITIALIZED_AUTOS = YES_AGGRESSIVE;
				GCC_WARN_UNUSED_FUNCTION = YES;
				GCC_WARN_UNUSED_VARIABLE = YES;
				IPHONEOS_DEPLOYMENT_TARGET = 14.5;
				MTL_ENABLE_DEBUG_INFO = INCLUDE_SOURCE;
				MTL_FAST_MATH = YES;
				ONLY_ACTIVE_ARCH = YES;
				SDKROOT = iphoneos;
				SWIFT_ACTIVE_COMPILATION_CONDITIONS = DEBUG;
				SWIFT_OPTIMIZATION_LEVEL = "-Onone";
			};
			name = Debug;
		};
		ABFAB20226E2511C0095EC20 /* Release */ = {
			isa = XCBuildConfiguration;
			buildSettings = {
				ALWAYS_SEARCH_USER_PATHS = NO;
				CLANG_ANALYZER_NONNULL = YES;
				CLANG_ANALYZER_NUMBER_OBJECT_CONVERSION = YES_AGGRESSIVE;
				CLANG_CXX_LANGUAGE_STANDARD = "gnu++14";
				CLANG_CXX_LIBRARY = "libc++";
				CLANG_ENABLE_MODULES = YES;
				CLANG_ENABLE_OBJC_ARC = YES;
				CLANG_ENABLE_OBJC_WEAK = YES;
				CLANG_WARN_BLOCK_CAPTURE_AUTORELEASING = YES;
				CLANG_WARN_BOOL_CONVERSION = YES;
				CLANG_WARN_COMMA = YES;
				CLANG_WARN_CONSTANT_CONVERSION = YES;
				CLANG_WARN_DEPRECATED_OBJC_IMPLEMENTATIONS = YES;
				CLANG_WARN_DIRECT_OBJC_ISA_USAGE = YES_ERROR;
				CLANG_WARN_DOCUMENTATION_COMMENTS = YES;
				CLANG_WARN_EMPTY_BODY = YES;
				CLANG_WARN_ENUM_CONVERSION = YES;
				CLANG_WARN_INFINITE_RECURSION = YES;
				CLANG_WARN_INT_CONVERSION = YES;
				CLANG_WARN_NON_LITERAL_NULL_CONVERSION = YES;
				CLANG_WARN_OBJC_IMPLICIT_RETAIN_SELF = YES;
				CLANG_WARN_OBJC_LITERAL_CONVERSION = YES;
				CLANG_WARN_OBJC_ROOT_CLASS = YES_ERROR;
				CLANG_WARN_QUOTED_INCLUDE_IN_FRAMEWORK_HEADER = YES;
				CLANG_WARN_RANGE_LOOP_ANALYSIS = YES;
				CLANG_WARN_STRICT_PROTOTYPES = YES;
				CLANG_WARN_SUSPICIOUS_MOVE = YES;
				CLANG_WARN_UNGUARDED_AVAILABILITY = YES_AGGRESSIVE;
				CLANG_WARN_UNREACHABLE_CODE = YES;
				CLANG_WARN__DUPLICATE_METHOD_MATCH = YES;
				COPY_PHASE_STRIP = NO;
				DEBUG_INFORMATION_FORMAT = "dwarf-with-dsym";
				ENABLE_NS_ASSERTIONS = NO;
				ENABLE_STRICT_OBJC_MSGSEND = YES;
				GCC_C_LANGUAGE_STANDARD = gnu11;
				GCC_NO_COMMON_BLOCKS = YES;
				GCC_WARN_64_TO_32_BIT_CONVERSION = YES;
				GCC_WARN_ABOUT_RETURN_TYPE = YES_ERROR;
				GCC_WARN_UNDECLARED_SELECTOR = YES;
				GCC_WARN_UNINITIALIZED_AUTOS = YES_AGGRESSIVE;
				GCC_WARN_UNUSED_FUNCTION = YES;
				GCC_WARN_UNUSED_VARIABLE = YES;
				IPHONEOS_DEPLOYMENT_TARGET = 14.5;
				MTL_ENABLE_DEBUG_INFO = NO;
				MTL_FAST_MATH = YES;
				SDKROOT = iphoneos;
				SWIFT_COMPILATION_MODE = wholemodule;
				SWIFT_OPTIMIZATION_LEVEL = "-O";
				VALIDATE_PRODUCT = YES;
			};
			name = Release;
		};
		ABFAB20426E2511C0095EC20 /* Debug */ = {
			isa = XCBuildConfiguration;
			baseConfigurationReference = 0337971621F711B0012DEB7D /* Pods-Graph-Practice.debug.xcconfig */;
			buildSettings = {
				ASSETCATALOG_COMPILER_APPICON_NAME = AppIcon;
				ASSETCATALOG_COMPILER_GLOBAL_ACCENT_COLOR_NAME = AccentColor;
				CODE_SIGN_STYLE = Automatic;
				DEVELOPMENT_TEAM = 242KS3V77L;
				INFOPLIST_FILE = "Graph-Practice/Info.plist";
				LD_RUNPATH_SEARCH_PATHS = (
					"$(inherited)",
					"@executable_path/Frameworks",
				);
				PRODUCT_BUNDLE_IDENTIFIER = "oonishireon.Graph-Practice";
				PRODUCT_NAME = "$(TARGET_NAME)";
				SWIFT_VERSION = 5.0;
				TARGETED_DEVICE_FAMILY = "1,2";
			};
			name = Debug;
		};
		ABFAB20526E2511C0095EC20 /* Release */ = {
			isa = XCBuildConfiguration;
			baseConfigurationReference = 4D1983E23875B27B6FC2461D /* Pods-Graph-Practice.release.xcconfig */;
			buildSettings = {
				ASSETCATALOG_COMPILER_APPICON_NAME = AppIcon;
				ASSETCATALOG_COMPILER_GLOBAL_ACCENT_COLOR_NAME = AccentColor;
				CODE_SIGN_STYLE = Automatic;
				DEVELOPMENT_TEAM = 242KS3V77L;
				INFOPLIST_FILE = "Graph-Practice/Info.plist";
				LD_RUNPATH_SEARCH_PATHS = (
					"$(inherited)",
					"@executable_path/Frameworks",
				);
				PRODUCT_BUNDLE_IDENTIFIER = "oonishireon.Graph-Practice";
				PRODUCT_NAME = "$(TARGET_NAME)";
				SWIFT_VERSION = 5.0;
				TARGETED_DEVICE_FAMILY = "1,2";
			};
			name = Release;
		};
/* End XCBuildConfiguration section */

/* Begin XCConfigurationList section */
		ABFAB1EA26E2511A0095EC20 /* Build configuration list for PBXProject "Graph-Practice" */ = {
			isa = XCConfigurationList;
			buildConfigurations = (
				ABFAB20126E2511C0095EC20 /* Debug */,
				ABFAB20226E2511C0095EC20 /* Release */,
			);
			defaultConfigurationIsVisible = 0;
			defaultConfigurationName = Release;
		};
		ABFAB20326E2511C0095EC20 /* Build configuration list for PBXNativeTarget "Graph-Practice" */ = {
			isa = XCConfigurationList;
			buildConfigurations = (
				ABFAB20426E2511C0095EC20 /* Debug */,
				ABFAB20526E2511C0095EC20 /* Release */,
			);
			defaultConfigurationIsVisible = 0;
			defaultConfigurationName = Release;
		};
/* End XCConfigurationList section */
	};
	rootObject = ABFAB1E726E2511A0095EC20 /* Project object */;
}
